<?xml version="1.0" encoding="utf-8"?>
<Project ToolsVersion="4.0" xmlns="http://schemas.microsoft.com/developer/msbuild/2003">
  <ItemGroup>
    <Filter Include="Source Files">
      <UniqueIdentifier>{4FC737F1-C7A5-4376-A066-2A32D752A2FF}</UniqueIdentifier>
      <Extensions>cpp;c;cc;cxx;def;odl;idl;hpj;bat;asm;asmx</Extensions>
    </Filter>
    <Filter Include="Header Files">
      <UniqueIdentifier>{93995380-89BD-4b04-88EB-625FBE52EBFB}</UniqueIdentifier>
      <Extensions>h;hh;hpp;hxx;hm;inl;inc;ipp;xsd</Extensions>
    </Filter>
    <Filter Include="Resource Files">
      <UniqueIdentifier>{67DA6AB6-F800-4c08-8B7A-83BB121AAD01}</UniqueIdentifier>
      <Extensions>rc;ico;cur;bmp;dlg;rc2;rct;bin;rgs;gif;jpg;jpeg;jpe;resx;tiff;tif;png;wav;mfcribbon-ms</Extensions>
    </Filter>
  </ItemGroup>
  <ItemGroup>
    <ClInclude Include="framework.h">
      <Filter>Header Files</Filter>
    </ClInclude>
    <ClInclude Include="pch.h">
      <Filter>Header Files</Filter>
    </ClInclude>
    <ClInclude Include="EngineeringExport.h">
      <Filter>Header Files</Filter>
    </ClInclude>
    <ClInclude Include="Engineering.h">
      <Filter>Header Files</Filter>
    </ClInclude>
    <ClInclude Include="Material.h">
      <Filter>Header Files</Filter>
    </ClInclude>
    <ClInclude Include="GeometricProperty.h">
      <Filter>Header Files</Filter>
    </ClInclude>
    <ClInclude Include="Geometry.h">
      <Filter>Header Files</Filter>
    </ClInclude>
    <ClInclude Include="Bolt.h">
      <Filter>Header Files</Filter>
    </ClInclude>
    <ClInclude Include="Buckling.h">
      <Filter>Header Files</Filter>
    </ClInclude>
    <ClInclude Include="Stress.h">
      <Filter>Header Files</Filter>
    </ClInclude>
    <ClInclude Include="Strain.h">
      <Filter>Header Files</Filter>
    </ClInclude>
    <ClInclude Include="SystemDynamics.h">
      <Filter>Header Files</Filter>
    </ClInclude>
    <ClInclude Include="Units\Acceleration.h">
      <Filter>Header Files</Filter>
    </ClInclude>
    <ClInclude Include="Units\Angle.h">
      <Filter>Header Files</Filter>
    </ClInclude>
    <ClInclude Include="Units\Area.h">
      <Filter>Header Files</Filter>
    </ClInclude>
    <ClInclude Include="Units\Damping.h">
      <Filter>Header Files</Filter>
    </ClInclude>
    <ClInclude Include="Units\Force.h">
      <Filter>Header Files</Filter>
    </ClInclude>
    <ClInclude Include="Units\Frequency.h">
      <Filter>Header Files</Filter>
    </ClInclude>
    <ClInclude Include="Units\Length.h">
      <Filter>Header Files</Filter>
    </ClInclude>
    <ClInclude Include="Units\Mass.h">
      <Filter>Header Files</Filter>
    </ClInclude>
    <ClInclude Include="Units\MomentOfArea.h">
      <Filter>Header Files</Filter>
    </ClInclude>
    <ClInclude Include="Units\PhysicsMath.h">
      <Filter>Header Files</Filter>
    </ClInclude>
    <ClInclude Include="Units\Pressure.h">
      <Filter>Header Files</Filter>
    </ClInclude>
    <ClInclude Include="Units\Stiffness.h">
      <Filter>Header Files</Filter>
    </ClInclude>
    <ClInclude Include="Units\Time.h">
      <Filter>Header Files</Filter>
    </ClInclude>
    <ClInclude Include="Units\Velocity.h">
      <Filter>Header Files</Filter>
    </ClInclude>
    <ClInclude Include="Units\Volume.h">
      <Filter>Header Files</Filter>
    </ClInclude>
    <ClInclude Include="Units\UnitBase.h">
      <Filter>Header Files</Filter>
    </ClInclude>
    <ClInclude Include="Units.h">
      <Filter>Header Files</Filter>
    </ClInclude>
    <ClInclude Include="Units\Energy.h">
      <Filter>Header Files</Filter>
    </ClInclude>
  </ItemGroup>
  <ItemGroup>
    <ClCompile Include="dllmain.cpp">
      <Filter>Source Files</Filter>
    </ClCompile>
    <ClCompile Include="pch.cpp">
      <Filter>Source Files</Filter>
    </ClCompile>
    <ClCompile Include="Material.cpp">
      <Filter>Source Files</Filter>
    </ClCompile>
    <ClCompile Include="GeometricProperty.cpp">
      <Filter>Source Files</Filter>
    </ClCompile>
    <ClCompile Include="Geometry.cpp">
      <Filter>Source Files</Filter>
    </ClCompile>
    <ClCompile Include="Bolt.cpp">
      <Filter>Source Files</Filter>
    </ClCompile>
    <ClCompile Include="Buckling.cpp">
      <Filter>Source Files</Filter>
    </ClCompile>
    <ClCompile Include="Stress.cpp">
      <Filter>Source Files</Filter>
    </ClCompile>
    <ClCompile Include="Strain.cpp">
      <Filter>Source Files</Filter>
    </ClCompile>
    <ClCompile Include="SystemDynamics.cpp">
      <Filter>Source Files</Filter>
    </ClCompile>
    <ClCompile Include="Units\Acceleration.cpp">
      <Filter>Source Files</Filter>
    </ClCompile>
    <ClCompile Include="Units\Angle.cpp">
      <Filter>Source Files</Filter>
    </ClCompile>
    <ClCompile Include="Units\Area.cpp">
      <Filter>Source Files</Filter>
    </ClCompile>
    <ClCompile Include="Units\Damping.cpp">
      <Filter>Source Files</Filter>
    </ClCompile>
    <ClCompile Include="Units\Force.cpp">
      <Filter>Source Files</Filter>
    </ClCompile>
    <ClCompile Include="Units\Frequency.cpp">
      <Filter>Source Files</Filter>
    </ClCompile>
    <ClCompile Include="Units\Length.cpp">
      <Filter>Source Files</Filter>
    </ClCompile>
    <ClCompile Include="Units\Mass.cpp">
      <Filter>Source Files</Filter>
    </ClCompile>
    <ClCompile Include="Units\MomentOfArea.cpp">
      <Filter>Source Files</Filter>
    </ClCompile>
    <ClCompile Include="Units\PhysicsMath.cpp">
      <Filter>Source Files</Filter>
    </ClCompile>
    <ClCompile Include="Units\Pressure.cpp">
      <Filter>Source Files</Filter>
    </ClCompile>
    <ClCompile Include="Units\Stiffness.cpp">
      <Filter>Source Files</Filter>
    </ClCompile>
    <ClCompile Include="Units\Time.cpp">
      <Filter>Source Files</Filter>
    </ClCompile>
    <ClCompile Include="Units\Velocity.cpp">
      <Filter>Source Files</Filter>
    </ClCompile>
    <ClCompile Include="Units\Volume.cpp">
      <Filter>Source Files</Filter>
    </ClCompile>
    <ClCompile Include="Units\Energy.cpp">
      <Filter>Source Files</Filter>
    </ClCompile>
  </ItemGroup>
  <ItemGroup>
    <None Include="cpp.hint" />
  </ItemGroup>
</Project>